
Microsoft Visual Studio Solution File, Format Version 12.00
# Visual Studio Version 17
VisualStudioVersion = 17.2.32616.157
MinimumVisualStudioVersion = 10.0.40219.1
Project("{FAE04EC0-301F-11D3-BF4B-00C04F79EFBC}") = "ImageApp", "ImageApp.csproj", "{B67AE0DB-59FC-485E-8DB6-850073D036D0}"
EndProject
Global
	GlobalSection(SolutionConfigurationPlatforms) = preSolution
		Debug|Any CPU = Debug|Any CPU
		Release|Any CPU = Release|Any CPU
	EndGlobalSection
	GlobalSection(ProjectConfigurationPlatforms) = postSolution
		{B67AE0DB-59FC-485E-8DB6-850073D036D0}.Debug|Any CPU.ActiveCfg = Debug|Any CPU
		{B67AE0DB-59FC-485E-8DB6-850073D036D0}.Debug|Any CPU.Build.0 = Debug|Any CPU
		{B67AE0DB-59FC-485E-8DB6-850073D036D0}.Release|Any CPU.ActiveCfg = Release|Any CPU
		{B67AE0DB-59FC-485E-8DB6-850073D036D0}.Release|Any CPU.Build.0 = Release|Any CPU
	EndGlobalSection
	GlobalSection(SolutionProperties) = preSolution
		HideSolutionNode = FALSE
	EndGlobalSection
	GlobalSection(ExtensibilityGlobals) = postSolution
		SolutionGuid = {99D5FBBC-FED2-4BFE-AD31-CE500BD3AD45}
	EndGlobalSection
EndGlobal
